
Microsoft Visual Studio Solution File, Format Version 12.00
# Visual Studio 14
VisualStudioVersion = 14.0.24720.0
MinimumVisualStudioVersion = 10.0.40219.1
Project("{FAE04EC0-301F-11D3-BF4B-00C04F79EFBC}") = "BingNewsApi.Lib", "BingNewApi.Lib\BingNewsApi.Lib.csproj", "{5ADFBA40-5242-4CCF-A334-51CEC736897D}"
EndProject
Project("{FAE04EC0-301F-11D3-BF4B-00C04F79EFBC}") = "BingNewsApi.Lib.Test", "BingNewApi.Lib.Test\BingNewsApi.Lib.Test.csproj", "{0EACF348-AFFE-462A-AE5C-E2ABCB33CBD7}"
EndProject
Project("{FAE04EC0-301F-11D3-BF4B-00C04F79EFBC}") = "BingNewsApi.App", "BingNewsApi.App\BingNewsApi.App.csproj", "{BB9AF0D8-B1E2-42EC-9287-6D3DD3EBC549}"
EndProject
Global
	GlobalSection(SolutionConfigurationPlatforms) = preSolution
		Debug|Any CPU = Debug|Any CPU
		Release|Any CPU = Release|Any CPU
	EndGlobalSection
	GlobalSection(ProjectConfigurationPlatforms) = postSolution
		{5ADFBA40-5242-4CCF-A334-51CEC736897D}.Debug|Any CPU.ActiveCfg = Debug|Any CPU
		{5ADFBA40-5242-4CCF-A334-51CEC736897D}.Debug|Any CPU.Build.0 = Debug|Any CPU
		{5ADFBA40-5242-4CCF-A334-51CEC736897D}.Release|Any CPU.ActiveCfg = Release|Any CPU
		{5ADFBA40-5242-4CCF-A334-51CEC736897D}.Release|Any CPU.Build.0 = Release|Any CPU
		{0EACF348-AFFE-462A-AE5C-E2ABCB33CBD7}.Debug|Any CPU.ActiveCfg = Debug|Any CPU
		{0EACF348-AFFE-462A-AE5C-E2ABCB33CBD7}.Debug|Any CPU.Build.0 = Debug|Any CPU
		{0EACF348-AFFE-462A-AE5C-E2ABCB33CBD7}.Release|Any CPU.ActiveCfg = Release|Any CPU
		{0EACF348-AFFE-462A-AE5C-E2ABCB33CBD7}.Release|Any CPU.Build.0 = Release|Any CPU
		{BB9AF0D8-B1E2-42EC-9287-6D3DD3EBC549}.Debug|Any CPU.ActiveCfg = Debug|Any CPU
		{BB9AF0D8-B1E2-42EC-9287-6D3DD3EBC549}.Debug|Any CPU.Build.0 = Debug|Any CPU
		{BB9AF0D8-B1E2-42EC-9287-6D3DD3EBC549}.Release|Any CPU.ActiveCfg = Release|Any CPU
		{BB9AF0D8-B1E2-42EC-9287-6D3DD3EBC549}.Release|Any CPU.Build.0 = Release|Any CPU
	EndGlobalSection
	GlobalSection(SolutionProperties) = preSolution
		HideSolutionNode = FALSE
	EndGlobalSection
	GlobalSection(TeamFoundationVersionControl) = preSolution
		SccNumberOfProjects = 4
		SccEnterpriseProvider = {4CA58AB2-18FA-4F8D-95D4-32DDF27D184C}
		SccTeamFoundationServer = http://tfs.grids.aonnet.aon.net:8080/tfs/defaultcollection
		SccLocalPath0 = .
		SccProjectUniqueName1 = BingNewsApi.App\\BingNewsApi.App.csproj
		SccProjectName1 = BingNewsApi.App
		SccLocalPath1 = BingNewsApi.App
		SccProjectUniqueName2 = BingNewApi.Lib.Test\\BingNewsApi.Lib.Test.csproj
		SccProjectName2 = BingNewApi.Lib.Test
		SccLocalPath2 = BingNewApi.Lib.Test
		SccProjectUniqueName3 = BingNewApi.Lib\\BingNewsApi.Lib.csproj
		SccProjectName3 = BingNewApi.Lib
		SccLocalPath3 = BingNewApi.Lib
	EndGlobalSection
EndGlobal
